<Solution>
  <Folder Name="/ApiConsume/">
    <Project Path="ApiConsume/HotelProject.Api/HotelProject.Api.csproj" />
    <Project Path="ApiConsume/HotelProject.BusinessLayer/HotelProject.BusinessLayer.csproj" />
    <Project Path="ApiConsume/HotelProject.DataAccessLayer/HotelProject.DataAccessLayer.csproj" />
    <Project Path="ApiConsume/HotelProject.EntityLayer/HotelProject.EntityLayer.csproj" />
  </Folder>
  <Folder Name="/Frontend/" />
</Solution>
